
Microsoft Visual Studio Solution File, Format Version 12.00
# Visual Studio Version 16
VisualStudioVersion = 16.0.31129.286
MinimumVisualStudioVersion = 10.0.40219.1
Project("{FAE04EC0-301F-11D3-BF4B-00C04F79EFBC}") = "DeneirsGate.Site", "MVC_PWx\DeneirsGate.Site.csproj", "{D342D8F8-8B01-4C3F-B24C-179EAB85428B}"
EndProject
Project("{FAE04EC0-301F-11D3-BF4B-00C04F79EFBC}") = "DeneirsGate.Data", "DeneirsGate.Data\DeneirsGate.Data.csproj", "{BF357897-5EEB-49C8-B897-6707E79647F6}"
EndProject
Project("{FAE04EC0-301F-11D3-BF4B-00C04F79EFBC}") = "DeneirsGate.Services", "DeneirsGate.Services\DeneirsGate.Services.csproj", "{AB815EBB-98F6-4F31-97DD-111D805558F8}"
EndProject
Project("{00D1A9C2-B5F0-4AF3-8072-F6C62B433612}") = "DeneirsGate.Database", "DeneirsGate.Database\DeneirsGate.Database.sqlproj", "{6A1D0529-5C36-4F98-9A63-75A9F2FB4111}"
EndProject
Global
	GlobalSection(SolutionConfigurationPlatforms) = preSolution
		Debug|Any CPU = Debug|Any CPU
		DEV|Any CPU = DEV|Any CPU
		PROD|Any CPU = PROD|Any CPU
		Release|Any CPU = Release|Any CPU
	EndGlobalSection
	GlobalSection(ProjectConfigurationPlatforms) = postSolution
		{D342D8F8-8B01-4C3F-B24C-179EAB85428B}.Debug|Any CPU.ActiveCfg = Debug|Any CPU
		{D342D8F8-8B01-4C3F-B24C-179EAB85428B}.Debug|Any CPU.Build.0 = Debug|Any CPU
		{D342D8F8-8B01-4C3F-B24C-179EAB85428B}.DEV|Any CPU.ActiveCfg = DEV|Any CPU
		{D342D8F8-8B01-4C3F-B24C-179EAB85428B}.DEV|Any CPU.Build.0 = DEV|Any CPU
		{D342D8F8-8B01-4C3F-B24C-179EAB85428B}.PROD|Any CPU.ActiveCfg = PROD|Any CPU
		{D342D8F8-8B01-4C3F-B24C-179EAB85428B}.PROD|Any CPU.Build.0 = PROD|Any CPU
		{D342D8F8-8B01-4C3F-B24C-179EAB85428B}.Release|Any CPU.ActiveCfg = Release|Any CPU
		{D342D8F8-8B01-4C3F-B24C-179EAB85428B}.Release|Any CPU.Build.0 = Release|Any CPU
		{BF357897-5EEB-49C8-B897-6707E79647F6}.Debug|Any CPU.ActiveCfg = Debug|Any CPU
		{BF357897-5EEB-49C8-B897-6707E79647F6}.Debug|Any CPU.Build.0 = Debug|Any CPU
		{BF357897-5EEB-49C8-B897-6707E79647F6}.DEV|Any CPU.ActiveCfg = DEV|Any CPU
		{BF357897-5EEB-49C8-B897-6707E79647F6}.DEV|Any CPU.Build.0 = DEV|Any CPU
		{BF357897-5EEB-49C8-B897-6707E79647F6}.PROD|Any CPU.ActiveCfg = PROD|Any CPU
		{BF357897-5EEB-49C8-B897-6707E79647F6}.PROD|Any CPU.Build.0 = PROD|Any CPU
		{BF357897-5EEB-49C8-B897-6707E79647F6}.Release|Any CPU.ActiveCfg = Release|Any CPU
		{BF357897-5EEB-49C8-B897-6707E79647F6}.Release|Any CPU.Build.0 = Release|Any CPU
		{AB815EBB-98F6-4F31-97DD-111D805558F8}.Debug|Any CPU.ActiveCfg = Debug|Any CPU
		{AB815EBB-98F6-4F31-97DD-111D805558F8}.Debug|Any CPU.Build.0 = Debug|Any CPU
		{AB815EBB-98F6-4F31-97DD-111D805558F8}.DEV|Any CPU.ActiveCfg = DEV|Any CPU
		{AB815EBB-98F6-4F31-97DD-111D805558F8}.DEV|Any CPU.Build.0 = DEV|Any CPU
		{AB815EBB-98F6-4F31-97DD-111D805558F8}.PROD|Any CPU.ActiveCfg = PROD|Any CPU
		{AB815EBB-98F6-4F31-97DD-111D805558F8}.PROD|Any CPU.Build.0 = PROD|Any CPU
		{AB815EBB-98F6-4F31-97DD-111D805558F8}.Release|Any CPU.ActiveCfg = Release|Any CPU
		{AB815EBB-98F6-4F31-97DD-111D805558F8}.Release|Any CPU.Build.0 = Release|Any CPU
		{6A1D0529-5C36-4F98-9A63-75A9F2FB4111}.Debug|Any CPU.ActiveCfg = Debug|Any CPU
		{6A1D0529-5C36-4F98-9A63-75A9F2FB4111}.Debug|Any CPU.Build.0 = Debug|Any CPU
		{6A1D0529-5C36-4F98-9A63-75A9F2FB4111}.Debug|Any CPU.Deploy.0 = Debug|Any CPU
		{6A1D0529-5C36-4F98-9A63-75A9F2FB4111}.DEV|Any CPU.ActiveCfg = DEV|Any CPU
		{6A1D0529-5C36-4F98-9A63-75A9F2FB4111}.DEV|Any CPU.Build.0 = DEV|Any CPU
		{6A1D0529-5C36-4F98-9A63-75A9F2FB4111}.DEV|Any CPU.Deploy.0 = DEV|Any CPU
		{6A1D0529-5C36-4F98-9A63-75A9F2FB4111}.PROD|Any CPU.ActiveCfg = PROD|Any CPU
		{6A1D0529-5C36-4F98-9A63-75A9F2FB4111}.PROD|Any CPU.Build.0 = PROD|Any CPU
		{6A1D0529-5C36-4F98-9A63-75A9F2FB4111}.PROD|Any CPU.Deploy.0 = PROD|Any CPU
		{6A1D0529-5C36-4F98-9A63-75A9F2FB4111}.Release|Any CPU.ActiveCfg = Release|Any CPU
		{6A1D0529-5C36-4F98-9A63-75A9F2FB4111}.Release|Any CPU.Build.0 = Release|Any CPU
		{6A1D0529-5C36-4F98-9A63-75A9F2FB4111}.Release|Any CPU.Deploy.0 = Release|Any CPU
	EndGlobalSection
	GlobalSection(SolutionProperties) = preSolution
		HideSolutionNode = FALSE
	EndGlobalSection
	GlobalSection(ExtensibilityGlobals) = postSolution
		SolutionGuid = {39484E75-1398-4CDC-8FA8-E4BBDFF64A1A}
	EndGlobalSection
EndGlobal
